
Microsoft Visual Studio Solution File, Format Version 12.00
# Visual Studio Version 17
VisualStudioVersion = 17.9.34728.123
MinimumVisualStudioVersion = 10.0.40219.1
Project("{FAE04EC0-301F-11D3-BF4B-00C04F79EFBC}") = "ServerWPF", "ServerWPF.csproj", "{17A25389-946F-45E8-8563-91FE9764ABE6}"
EndProject
Global
	GlobalSection(SolutionConfigurationPlatforms) = preSolution
		Debug|Any CPU = Debug|Any CPU
		Release|Any CPU = Release|Any CPU
	EndGlobalSection
	GlobalSection(ProjectConfigurationPlatforms) = postSolution
		{17A25389-946F-45E8-8563-91FE9764ABE6}.Debug|Any CPU.ActiveCfg = Debug|Any CPU
		{17A25389-946F-45E8-8563-91FE9764ABE6}.Debug|Any CPU.Build.0 = Debug|Any CPU
		{17A25389-946F-45E8-8563-91FE9764ABE6}.Release|Any CPU.ActiveCfg = Release|Any CPU
		{17A25389-946F-45E8-8563-91FE9764ABE6}.Release|Any CPU.Build.0 = Release|Any CPU
	EndGlobalSection
	GlobalSection(SolutionProperties) = preSolution
		HideSolutionNode = FALSE
	EndGlobalSection
	GlobalSection(ExtensibilityGlobals) = postSolution
		SolutionGuid = {4005F8DE-A0AA-463B-AD01-4F30C064F62A}
	EndGlobalSection
EndGlobal
